
Microsoft Visual Studio Solution File, Format Version 12.00
Project("{FAE04EC0-301F-11D3-BF4B-00C04F79EFBC}") = "JAngine", "JAngine\JAngine.csproj", "{0B713BBE-87C1-4B27-AF18-B9A9691A2A4D}"
EndProject
Project("{FAE04EC0-301F-11D3-BF4B-00C04F79EFBC}") = "Sandbox", "Sandbox\Sandbox.csproj", "{C2BE88F9-A96E-4798-B844-E64D2C1B3759}"
EndProject
Global
	GlobalSection(SolutionConfigurationPlatforms) = preSolution
		Debug|Any CPU = Debug|Any CPU
		Release|Any CPU = Release|Any CPU
	EndGlobalSection
	GlobalSection(ProjectConfigurationPlatforms) = postSolution
		{0B713BBE-87C1-4B27-AF18-B9A9691A2A4D}.Debug|Any CPU.ActiveCfg = Debug|Any CPU
		{0B713BBE-87C1-4B27-AF18-B9A9691A2A4D}.Debug|Any CPU.Build.0 = Debug|Any CPU
		{0B713BBE-87C1-4B27-AF18-B9A9691A2A4D}.Release|Any CPU.ActiveCfg = Release|Any CPU
		{0B713BBE-87C1-4B27-AF18-B9A9691A2A4D}.Release|Any CPU.Build.0 = Release|Any CPU
		{C2BE88F9-A96E-4798-B844-E64D2C1B3759}.Debug|Any CPU.ActiveCfg = Debug|Any CPU
		{C2BE88F9-A96E-4798-B844-E64D2C1B3759}.Debug|Any CPU.Build.0 = Debug|Any CPU
		{C2BE88F9-A96E-4798-B844-E64D2C1B3759}.Release|Any CPU.ActiveCfg = Release|Any CPU
		{C2BE88F9-A96E-4798-B844-E64D2C1B3759}.Release|Any CPU.Build.0 = Release|Any CPU
	EndGlobalSection
EndGlobal
