
Microsoft Visual Studio Solution File, Format Version 12.00
# Visual Studio Version 17
VisualStudioVersion = 17.3.32929.385
MinimumVisualStudioVersion = 10.0.40219.1
Project("{2150E333-8FDC-42A3-9474-1A3956D46DE8}") = "Solution", "Solution", "{3ED60DA1-6C7B-49D1-91D8-8F8588A5F080}"
	ProjectSection(SolutionItems) = preProject
		directory.build.props = Directory.Build.props
		LICENSE = LICENSE
		README.md = README.md
		.gitignore = .gitignore
		GlobalAssemblyInfo.cs = GlobalAssemblyInfo.cs
	EndProjectSection
EndProject
Project("{2150E333-8FDC-42A3-9474-1A3956D46DE8}") = ".github", ".github", "{6B65CBA4-682B-4C5D-A1C0-6F98222E898E}"
	ProjectSection(SolutionItems) = preProject
		.github\workflows\build.yml = .github\workflows\CiCd.yml
	EndProjectSection
EndProject
Project("{FAE04EC0-301F-11D3-BF4B-00C04F79EFBC}") = "JAngine", "JAngine\JAngine.csproj", "{899FE438-BEF4-46B1-BB78-BF0BBD4E610B}"
EndProject
Project("{FAE04EC0-301F-11D3-BF4B-00C04F79EFBC}") = "Sandbox", "Sandbox\Sandbox.csproj", "{591E4A93-6C93-4F13-A7E4-D6AAB743BB84}"
EndProject
Project("{FAE04EC0-301F-11D3-BF4B-00C04F79EFBC}") = "JAngine.All", "JAngine.All\JAngine.All.csproj", "{ECCD7277-E6B6-424A-BFBA-DD60B157321A}"
EndProject
Project("{FAE04EC0-301F-11D3-BF4B-00C04F79EFBC}") = "JAngine.Tests", "JAngine.Tests\JAngine.Tests.csproj", "{E702EC3E-5162-48DD-8BF1-077C41C91EE4}"
EndProject
Global
	GlobalSection(SolutionConfigurationPlatforms) = preSolution
		Debug|Any CPU = Debug|Any CPU
		Release|Any CPU = Release|Any CPU
	EndGlobalSection
	GlobalSection(ProjectConfigurationPlatforms) = postSolution
		{899FE438-BEF4-46B1-BB78-BF0BBD4E610B}.Debug|Any CPU.ActiveCfg = Debug|Any CPU
		{899FE438-BEF4-46B1-BB78-BF0BBD4E610B}.Debug|Any CPU.Build.0 = Debug|Any CPU
		{899FE438-BEF4-46B1-BB78-BF0BBD4E610B}.Release|Any CPU.ActiveCfg = Release|Any CPU
		{899FE438-BEF4-46B1-BB78-BF0BBD4E610B}.Release|Any CPU.Build.0 = Release|Any CPU
		{591E4A93-6C93-4F13-A7E4-D6AAB743BB84}.Debug|Any CPU.ActiveCfg = Debug|Any CPU
		{591E4A93-6C93-4F13-A7E4-D6AAB743BB84}.Debug|Any CPU.Build.0 = Debug|Any CPU
		{591E4A93-6C93-4F13-A7E4-D6AAB743BB84}.Release|Any CPU.ActiveCfg = Release|Any CPU
		{591E4A93-6C93-4F13-A7E4-D6AAB743BB84}.Release|Any CPU.Build.0 = Release|Any CPU
		{ECCD7277-E6B6-424A-BFBA-DD60B157321A}.Debug|Any CPU.ActiveCfg = Debug|Any CPU
		{ECCD7277-E6B6-424A-BFBA-DD60B157321A}.Debug|Any CPU.Build.0 = Debug|Any CPU
		{ECCD7277-E6B6-424A-BFBA-DD60B157321A}.Release|Any CPU.ActiveCfg = Release|Any CPU
		{ECCD7277-E6B6-424A-BFBA-DD60B157321A}.Release|Any CPU.Build.0 = Release|Any CPU
		{E702EC3E-5162-48DD-8BF1-077C41C91EE4}.Debug|Any CPU.ActiveCfg = Debug|Any CPU
		{E702EC3E-5162-48DD-8BF1-077C41C91EE4}.Debug|Any CPU.Build.0 = Debug|Any CPU
		{E702EC3E-5162-48DD-8BF1-077C41C91EE4}.Release|Any CPU.ActiveCfg = Release|Any CPU
		{E702EC3E-5162-48DD-8BF1-077C41C91EE4}.Release|Any CPU.Build.0 = Release|Any CPU
	EndGlobalSection
	GlobalSection(SolutionProperties) = preSolution
		HideSolutionNode = FALSE
	EndGlobalSection
	GlobalSection(NestedProjects) = preSolution
		{6B65CBA4-682B-4C5D-A1C0-6F98222E898E} = {3ED60DA1-6C7B-49D1-91D8-8F8588A5F080}
	EndGlobalSection
	GlobalSection(ExtensibilityGlobals) = postSolution
		SolutionGuid = {1F63FF2A-14B8-4D7C-BF95-5635F17BB4F2}
	EndGlobalSection
EndGlobal
